
Microsoft Visual Studio Solution File, Format Version 12.00
# Visual Studio 15
VisualStudioVersion = 15.0.27130.2026
MinimumVisualStudioVersion = 10.0.40219.1
Project("{FAE04EC0-301F-11D3-BF4B-00C04F79EFBC}") = "SetScreenBrightness", "SetScreenBrightness\SetScreenBrightness.csproj", "{729409DB-F048-48E6-9324-84DB6D5A4747}"
EndProject
Global
	GlobalSection(SolutionConfigurationPlatforms) = preSolution
		Debug|Any CPU = Debug|Any CPU
		Release|Any CPU = Release|Any CPU
	EndGlobalSection
	GlobalSection(ProjectConfigurationPlatforms) = postSolution
		{729409DB-F048-48E6-9324-84DB6D5A4747}.Debug|Any CPU.ActiveCfg = Debug|Any CPU
		{729409DB-F048-48E6-9324-84DB6D5A4747}.Debug|Any CPU.Build.0 = Debug|Any CPU
		{729409DB-F048-48E6-9324-84DB6D5A4747}.Release|Any CPU.ActiveCfg = Release|Any CPU
		{729409DB-F048-48E6-9324-84DB6D5A4747}.Release|Any CPU.Build.0 = Release|Any CPU
	EndGlobalSection
	GlobalSection(SolutionProperties) = preSolution
		HideSolutionNode = FALSE
	EndGlobalSection
	GlobalSection(ExtensibilityGlobals) = postSolution
		SolutionGuid = {473A92B1-A59C-4F43-8516-59DC5DD81B1A}
	EndGlobalSection
EndGlobal
